
Microsoft Visual Studio Solution File, Format Version 12.00
# Visual Studio 15
VisualStudioVersion = 15.0.27520.0
MinimumVisualStudioVersion = 10.0.40219.1
Project("{FAE04EC0-301F-11D3-BF4B-00C04F79EFBC}") = "RussiaSoccer2018App", "RussiaSoccer2018App\RussiaSoccer2018App\RussiaSoccer2018App.csproj", "{09AFF5DB-E2AB-46EE-BAB9-81555305C863}"
EndProject
Project("{FAE04EC0-301F-11D3-BF4B-00C04F79EFBC}") = "RussiaSoccer2018App.Android", "RussiaSoccer2018App\RussiaSoccer2018App.Android\RussiaSoccer2018App.Android.csproj", "{FA768DF7-CBF4-4739-9AC6-789BA927C50B}"
EndProject
Project("{FAE04EC0-301F-11D3-BF4B-00C04F79EFBC}") = "RussiaSoccer2018App.iOS", "RussiaSoccer2018App\RussiaSoccer2018App.iOS\RussiaSoccer2018App.iOS.csproj", "{463F3B48-5A66-4D8B-8240-AEBB78F2A4FC}"
EndProject
Project("{FAE04EC0-301F-11D3-BF4B-00C04F79EFBC}") = "RussiaSoccer2018App.UWP", "RussiaSoccer2018App\RussiaSoccer2018App.UWP\RussiaSoccer2018App.UWP.csproj", "{73ADBDE8-2D73-4B50-AF25-50F20133307E}"
EndProject
Global
	GlobalSection(SolutionConfigurationPlatforms) = preSolution
		Ad-Hoc|Any CPU = Ad-Hoc|Any CPU
		Ad-Hoc|ARM = Ad-Hoc|ARM
		Ad-Hoc|iPhone = Ad-Hoc|iPhone
		Ad-Hoc|iPhoneSimulator = Ad-Hoc|iPhoneSimulator
		Ad-Hoc|x64 = Ad-Hoc|x64
		Ad-Hoc|x86 = Ad-Hoc|x86
		AppStore|Any CPU = AppStore|Any CPU
		AppStore|ARM = AppStore|ARM
		AppStore|iPhone = AppStore|iPhone
		AppStore|iPhoneSimulator = AppStore|iPhoneSimulator
		AppStore|x64 = AppStore|x64
		AppStore|x86 = AppStore|x86
		Debug|Any CPU = Debug|Any CPU
		Debug|ARM = Debug|ARM
		Debug|iPhone = Debug|iPhone
		Debug|iPhoneSimulator = Debug|iPhoneSimulator
		Debug|x64 = Debug|x64
		Debug|x86 = Debug|x86
		Release|Any CPU = Release|Any CPU
		Release|ARM = Release|ARM
		Release|iPhone = Release|iPhone
		Release|iPhoneSimulator = Release|iPhoneSimulator
		Release|x64 = Release|x64
		Release|x86 = Release|x86
	EndGlobalSection
	GlobalSection(ProjectConfigurationPlatforms) = postSolution
		{09AFF5DB-E2AB-46EE-BAB9-81555305C863}.Ad-Hoc|Any CPU.ActiveCfg = Debug|Any CPU
		{09AFF5DB-E2AB-46EE-BAB9-81555305C863}.Ad-Hoc|Any CPU.Build.0 = Debug|Any CPU
		{09AFF5DB-E2AB-46EE-BAB9-81555305C863}.Ad-Hoc|Any CPU.Deploy.0 = Debug|Any CPU
		{09AFF5DB-E2AB-46EE-BAB9-81555305C863}.Ad-Hoc|ARM.ActiveCfg = Debug|Any CPU
		{09AFF5DB-E2AB-46EE-BAB9-81555305C863}.Ad-Hoc|ARM.Build.0 = Debug|Any CPU
		{09AFF5DB-E2AB-46EE-BAB9-81555305C863}.Ad-Hoc|ARM.Deploy.0 = Debug|Any CPU
		{09AFF5DB-E2AB-46EE-BAB9-81555305C863}.Ad-Hoc|iPhone.ActiveCfg = Debug|Any CPU
		{09AFF5DB-E2AB-46EE-BAB9-81555305C863}.Ad-Hoc|iPhone.Build.0 = Debug|Any CPU
		{09AFF5DB-E2AB-46EE-BAB9-81555305C863}.Ad-Hoc|iPhone.Deploy.0 = Debug|Any CPU
		{09AFF5DB-E2AB-46EE-BAB9-81555305C863}.Ad-Hoc|iPhoneSimulator.ActiveCfg = Debug|Any CPU
		{09AFF5DB-E2AB-46EE-BAB9-81555305C863}.Ad-Hoc|iPhoneSimulator.Build.0 = Debug|Any CPU
		{09AFF5DB-E2AB-46EE-BAB9-81555305C863}.Ad-Hoc|iPhoneSimulator.Deploy.0 = Debug|Any CPU
		{09AFF5DB-E2AB-46EE-BAB9-81555305C863}.Ad-Hoc|x64.ActiveCfg = Debug|Any CPU
		{09AFF5DB-E2AB-46EE-BAB9-81555305C863}.Ad-Hoc|x64.Build.0 = Debug|Any CPU
		{09AFF5DB-E2AB-46EE-BAB9-81555305C863}.Ad-Hoc|x64.Deploy.0 = Debug|Any CPU
		{09AFF5DB-E2AB-46EE-BAB9-81555305C863}.Ad-Hoc|x86.ActiveCfg = Debug|Any CPU
		{09AFF5DB-E2AB-46EE-BAB9-81555305C863}.Ad-Hoc|x86.Build.0 = Debug|Any CPU
		{09AFF5DB-E2AB-46EE-BAB9-81555305C863}.Ad-Hoc|x86.Deploy.0 = Debug|Any CPU
		{09AFF5DB-E2AB-46EE-BAB9-81555305C863}.AppStore|Any CPU.ActiveCfg = Debug|Any CPU
		{09AFF5DB-E2AB-46EE-BAB9-81555305C863}.AppStore|Any CPU.Build.0 = Debug|Any CPU
		{09AFF5DB-E2AB-46EE-BAB9-81555305C863}.AppStore|Any CPU.Deploy.0 = Debug|Any CPU
		{09AFF5DB-E2AB-46EE-BAB9-81555305C863}.AppStore|ARM.ActiveCfg = Debug|Any CPU
		{09AFF5DB-E2AB-46EE-BAB9-81555305C863}.AppStore|ARM.Build.0 = Debug|Any CPU
		{09AFF5DB-E2AB-46EE-BAB9-81555305C863}.AppStore|ARM.Deploy.0 = Debug|Any CPU
		{09AFF5DB-E2AB-46EE-BAB9-81555305C863}.AppStore|iPhone.ActiveCfg = Debug|Any CPU
		{09AFF5DB-E2AB-46EE-BAB9-81555305C863}.AppStore|iPhone.Build.0 = Debug|Any CPU
		{09AFF5DB-E2AB-46EE-BAB9-81555305C863}.AppStore|iPhone.Deploy.0 = Debug|Any CPU
		{09AFF5DB-E2AB-46EE-BAB9-81555305C863}.AppStore|iPhoneSimulator.ActiveCfg = Debug|Any CPU
		{09AFF5DB-E2AB-46EE-BAB9-81555305C863}.AppStore|iPhoneSimulator.Build.0 = Debug|Any CPU
		{09AFF5DB-E2AB-46EE-BAB9-81555305C863}.AppStore|iPhoneSimulator.Deploy.0 = Debug|Any CPU
		{09AFF5DB-E2AB-46EE-BAB9-81555305C863}.AppStore|x64.ActiveCfg = Debug|Any CPU
		{09AFF5DB-E2AB-46EE-BAB9-81555305C863}.AppStore|x64.Build.0 = Debug|Any CPU
		{09AFF5DB-E2AB-46EE-BAB9-81555305C863}.AppStore|x64.Deploy.0 = Debug|Any CPU
		{09AFF5DB-E2AB-46EE-BAB9-81555305C863}.AppStore|x86.ActiveCfg = Debug|Any CPU
		{09AFF5DB-E2AB-46EE-BAB9-81555305C863}.AppStore|x86.Build.0 = Debug|Any CPU
		{09AFF5DB-E2AB-46EE-BAB9-81555305C863}.AppStore|x86.Deploy.0 = Debug|Any CPU
		{09AFF5DB-E2AB-46EE-BAB9-81555305C863}.Debug|Any CPU.ActiveCfg = Debug|Any CPU
		{09AFF5DB-E2AB-46EE-BAB9-81555305C863}.Debug|Any CPU.Build.0 = Debug|Any CPU
		{09AFF5DB-E2AB-46EE-BAB9-81555305C863}.Debug|Any CPU.Deploy.0 = Debug|Any CPU
		{09AFF5DB-E2AB-46EE-BAB9-81555305C863}.Debug|ARM.ActiveCfg = Debug|Any CPU
		{09AFF5DB-E2AB-46EE-BAB9-81555305C863}.Debug|ARM.Build.0 = Debug|Any CPU
		{09AFF5DB-E2AB-46EE-BAB9-81555305C863}.Debug|ARM.Deploy.0 = Debug|Any CPU
		{09AFF5DB-E2AB-46EE-BAB9-81555305C863}.Debug|iPhone.ActiveCfg = Debug|Any CPU
		{09AFF5DB-E2AB-46EE-BAB9-81555305C863}.Debug|iPhone.Build.0 = Debug|Any CPU
		{09AFF5DB-E2AB-46EE-BAB9-81555305C863}.Debug|iPhone.Deploy.0 = Debug|Any CPU
		{09AFF5DB-E2AB-46EE-BAB9-81555305C863}.Debug|iPhoneSimulator.ActiveCfg = Debug|Any CPU
		{09AFF5DB-E2AB-46EE-BAB9-81555305C863}.Debug|iPhoneSimulator.Build.0 = Debug|Any CPU
		{09AFF5DB-E2AB-46EE-BAB9-81555305C863}.Debug|iPhoneSimulator.Deploy.0 = Debug|Any CPU
		{09AFF5DB-E2AB-46EE-BAB9-81555305C863}.Debug|x64.ActiveCfg = Debug|Any CPU
		{09AFF5DB-E2AB-46EE-BAB9-81555305C863}.Debug|x64.Build.0 = Debug|Any CPU
		{09AFF5DB-E2AB-46EE-BAB9-81555305C863}.Debug|x64.Deploy.0 = Debug|Any CPU
		{09AFF5DB-E2AB-46EE-BAB9-81555305C863}.Debug|x86.ActiveCfg = Debug|Any CPU
		{09AFF5DB-E2AB-46EE-BAB9-81555305C863}.Debug|x86.Build.0 = Debug|Any CPU
		{09AFF5DB-E2AB-46EE-BAB9-81555305C863}.Debug|x86.Deploy.0 = Debug|Any CPU
		{09AFF5DB-E2AB-46EE-BAB9-81555305C863}.Release|Any CPU.ActiveCfg = Release|Any CPU
		{09AFF5DB-E2AB-46EE-BAB9-81555305C863}.Release|Any CPU.Build.0 = Release|Any CPU
		{09AFF5DB-E2AB-46EE-BAB9-81555305C863}.Release|Any CPU.Deploy.0 = Release|Any CPU
		{09AFF5DB-E2AB-46EE-BAB9-81555305C863}.Release|ARM.ActiveCfg = Release|Any CPU
		{09AFF5DB-E2AB-46EE-BAB9-81555305C863}.Release|ARM.Build.0 = Release|Any CPU
		{09AFF5DB-E2AB-46EE-BAB9-81555305C863}.Release|ARM.Deploy.0 = Release|Any CPU
		{09AFF5DB-E2AB-46EE-BAB9-81555305C863}.Release|iPhone.ActiveCfg = Release|Any CPU
		{09AFF5DB-E2AB-46EE-BAB9-81555305C863}.Release|iPhone.Build.0 = Release|Any CPU
		{09AFF5DB-E2AB-46EE-BAB9-81555305C863}.Release|iPhone.Deploy.0 = Release|Any CPU
		{09AFF5DB-E2AB-46EE-BAB9-81555305C863}.Release|iPhoneSimulator.ActiveCfg = Release|Any CPU
		{09AFF5DB-E2AB-46EE-BAB9-81555305C863}.Release|iPhoneSimulator.Build.0 = Release|Any CPU
		{09AFF5DB-E2AB-46EE-BAB9-81555305C863}.Release|iPhoneSimulator.Deploy.0 = Release|Any CPU
		{09AFF5DB-E2AB-46EE-BAB9-81555305C863}.Release|x64.ActiveCfg = Release|Any CPU
		{09AFF5DB-E2AB-46EE-BAB9-81555305C863}.Release|x64.Build.0 = Release|Any CPU
		{09AFF5DB-E2AB-46EE-BAB9-81555305C863}.Release|x64.Deploy.0 = Release|Any CPU
		{09AFF5DB-E2AB-46EE-BAB9-81555305C863}.Release|x86.ActiveCfg = Release|Any CPU
		{09AFF5DB-E2AB-46EE-BAB9-81555305C863}.Release|x86.Build.0 = Release|Any CPU
		{09AFF5DB-E2AB-46EE-BAB9-81555305C863}.Release|x86.Deploy.0 = Release|Any CPU
		{FA768DF7-CBF4-4739-9AC6-789BA927C50B}.Ad-Hoc|Any CPU.ActiveCfg = Release|Any CPU
		{FA768DF7-CBF4-4739-9AC6-789BA927C50B}.Ad-Hoc|Any CPU.Build.0 = Release|Any CPU
		{FA768DF7-CBF4-4739-9AC6-789BA927C50B}.Ad-Hoc|Any CPU.Deploy.0 = Release|Any CPU
		{FA768DF7-CBF4-4739-9AC6-789BA927C50B}.Ad-Hoc|ARM.ActiveCfg = Release|Any CPU
		{FA768DF7-CBF4-4739-9AC6-789BA927C50B}.Ad-Hoc|ARM.Build.0 = Release|Any CPU
		{FA768DF7-CBF4-4739-9AC6-789BA927C50B}.Ad-Hoc|ARM.Deploy.0 = Release|Any CPU
		{FA768DF7-CBF4-4739-9AC6-789BA927C50B}.Ad-Hoc|iPhone.ActiveCfg = Release|Any CPU
		{FA768DF7-CBF4-4739-9AC6-789BA927C50B}.Ad-Hoc|iPhone.Build.0 = Release|Any CPU
		{FA768DF7-CBF4-4739-9AC6-789BA927C50B}.Ad-Hoc|iPhone.Deploy.0 = Release|Any CPU
		{FA768DF7-CBF4-4739-9AC6-789BA927C50B}.Ad-Hoc|iPhoneSimulator.ActiveCfg = Release|Any CPU
		{FA768DF7-CBF4-4739-9AC6-789BA927C50B}.Ad-Hoc|iPhoneSimulator.Build.0 = Release|Any CPU
		{FA768DF7-CBF4-4739-9AC6-789BA927C50B}.Ad-Hoc|iPhoneSimulator.Deploy.0 = Release|Any CPU
		{FA768DF7-CBF4-4739-9AC6-789BA927C50B}.Ad-Hoc|x64.ActiveCfg = Release|Any CPU
		{FA768DF7-CBF4-4739-9AC6-789BA927C50B}.Ad-Hoc|x64.Build.0 = Release|Any CPU
		{FA768DF7-CBF4-4739-9AC6-789BA927C50B}.Ad-Hoc|x64.Deploy.0 = Release|Any CPU
		{FA768DF7-CBF4-4739-9AC6-789BA927C50B}.Ad-Hoc|x86.ActiveCfg = Release|Any CPU
		{FA768DF7-CBF4-4739-9AC6-789BA927C50B}.Ad-Hoc|x86.Build.0 = Release|Any CPU
		{FA768DF7-CBF4-4739-9AC6-789BA927C50B}.Ad-Hoc|x86.Deploy.0 = Release|Any CPU
		{FA768DF7-CBF4-4739-9AC6-789BA927C50B}.AppStore|Any CPU.ActiveCfg = Release|Any CPU
		{FA768DF7-CBF4-4739-9AC6-789BA927C50B}.AppStore|Any CPU.Build.0 = Release|Any CPU
		{FA768DF7-CBF4-4739-9AC6-789BA927C50B}.AppStore|Any CPU.Deploy.0 = Release|Any CPU
		{FA768DF7-CBF4-4739-9AC6-789BA927C50B}.AppStore|ARM.ActiveCfg = Release|Any CPU
		{FA768DF7-CBF4-4739-9AC6-789BA927C50B}.AppStore|ARM.Build.0 = Release|Any CPU
		{FA768DF7-CBF4-4739-9AC6-789BA927C50B}.AppStore|ARM.Deploy.0 = Release|Any CPU
		{FA768DF7-CBF4-4739-9AC6-789BA927C50B}.AppStore|iPhone.ActiveCfg = Release|Any CPU
		{FA768DF7-CBF4-4739-9AC6-789BA927C50B}.AppStore|iPhone.Build.0 = Release|Any CPU
		{FA768DF7-CBF4-4739-9AC6-789BA927C50B}.AppStore|iPhone.Deploy.0 = Release|Any CPU
		{FA768DF7-CBF4-4739-9AC6-789BA927C50B}.AppStore|iPhoneSimulator.ActiveCfg = Release|Any CPU
		{FA768DF7-CBF4-4739-9AC6-789BA927C50B}.AppStore|iPhoneSimulator.Build.0 = Release|Any CPU
		{FA768DF7-CBF4-4739-9AC6-789BA927C50B}.AppStore|iPhoneSimulator.Deploy.0 = Release|Any CPU
		{FA768DF7-CBF4-4739-9AC6-789BA927C50B}.AppStore|x64.ActiveCfg = Release|Any CPU
		{FA768DF7-CBF4-4739-9AC6-789BA927C50B}.AppStore|x64.Build.0 = Release|Any CPU
		{FA768DF7-CBF4-4739-9AC6-789BA927C50B}.AppStore|x64.Deploy.0 = Release|Any CPU
		{FA768DF7-CBF4-4739-9AC6-789BA927C50B}.AppStore|x86.ActiveCfg = Release|Any CPU
		{FA768DF7-CBF4-4739-9AC6-789BA927C50B}.AppStore|x86.Build.0 = Release|Any CPU
		{FA768DF7-CBF4-4739-9AC6-789BA927C50B}.AppStore|x86.Deploy.0 = Release|Any CPU
		{FA768DF7-CBF4-4739-9AC6-789BA927C50B}.Debug|Any CPU.ActiveCfg = Debug|Any CPU
		{FA768DF7-CBF4-4739-9AC6-789BA927C50B}.Debug|Any CPU.Build.0 = Debug|Any CPU
		{FA768DF7-CBF4-4739-9AC6-789BA927C50B}.Debug|Any CPU.Deploy.0 = Debug|Any CPU
		{FA768DF7-CBF4-4739-9AC6-789BA927C50B}.Debug|ARM.ActiveCfg = Debug|Any CPU
		{FA768DF7-CBF4-4739-9AC6-789BA927C50B}.Debug|ARM.Build.0 = Debug|Any CPU
		{FA768DF7-CBF4-4739-9AC6-789BA927C50B}.Debug|ARM.Deploy.0 = Debug|Any CPU
		{FA768DF7-CBF4-4739-9AC6-789BA927C50B}.Debug|iPhone.ActiveCfg = Debug|Any CPU
		{FA768DF7-CBF4-4739-9AC6-789BA927C50B}.Debug|iPhone.Build.0 = Debug|Any CPU
		{FA768DF7-CBF4-4739-9AC6-789BA927C50B}.Debug|iPhone.Deploy.0 = Debug|Any CPU
		{FA768DF7-CBF4-4739-9AC6-789BA927C50B}.Debug|iPhoneSimulator.ActiveCfg = Debug|Any CPU
		{FA768DF7-CBF4-4739-9AC6-789BA927C50B}.Debug|iPhoneSimulator.Build.0 = Debug|Any CPU
		{FA768DF7-CBF4-4739-9AC6-789BA927C50B}.Debug|iPhoneSimulator.Deploy.0 = Debug|Any CPU
		{FA768DF7-CBF4-4739-9AC6-789BA927C50B}.Debug|x64.ActiveCfg = Debug|Any CPU
		{FA768DF7-CBF4-4739-9AC6-789BA927C50B}.Debug|x64.Build.0 = Debug|Any CPU
		{FA768DF7-CBF4-4739-9AC6-789BA927C50B}.Debug|x64.Deploy.0 = Debug|Any CPU
		{FA768DF7-CBF4-4739-9AC6-789BA927C50B}.Debug|x86.ActiveCfg = Debug|Any CPU
		{FA768DF7-CBF4-4739-9AC6-789BA927C50B}.Debug|x86.Build.0 = Debug|Any CPU
		{FA768DF7-CBF4-4739-9AC6-789BA927C50B}.Debug|x86.Deploy.0 = Debug|Any CPU
		{FA768DF7-CBF4-4739-9AC6-789BA927C50B}.Release|Any CPU.ActiveCfg = Release|Any CPU
		{FA768DF7-CBF4-4739-9AC6-789BA927C50B}.Release|Any CPU.Build.0 = Release|Any CPU
		{FA768DF7-CBF4-4739-9AC6-789BA927C50B}.Release|Any CPU.Deploy.0 = Release|Any CPU
		{FA768DF7-CBF4-4739-9AC6-789BA927C50B}.Release|ARM.ActiveCfg = Release|Any CPU
		{FA768DF7-CBF4-4739-9AC6-789BA927C50B}.Release|ARM.Build.0 = Release|Any CPU
		{FA768DF7-CBF4-4739-9AC6-789BA927C50B}.Release|ARM.Deploy.0 = Release|Any CPU
		{FA768DF7-CBF4-4739-9AC6-789BA927C50B}.Release|iPhone.ActiveCfg = Release|Any CPU
		{FA768DF7-CBF4-4739-9AC6-789BA927C50B}.Release|iPhone.Build.0 = Release|Any CPU
		{FA768DF7-CBF4-4739-9AC6-789BA927C50B}.Release|iPhone.Deploy.0 = Release|Any CPU
		{FA768DF7-CBF4-4739-9AC6-789BA927C50B}.Release|iPhoneSimulator.ActiveCfg = Release|Any CPU
		{FA768DF7-CBF4-4739-9AC6-789BA927C50B}.Release|iPhoneSimulator.Build.0 = Release|Any CPU
		{FA768DF7-CBF4-4739-9AC6-789BA927C50B}.Release|iPhoneSimulator.Deploy.0 = Release|Any CPU
		{FA768DF7-CBF4-4739-9AC6-789BA927C50B}.Release|x64.ActiveCfg = Release|Any CPU
		{FA768DF7-CBF4-4739-9AC6-789BA927C50B}.Release|x64.Build.0 = Release|Any CPU
		{FA768DF7-CBF4-4739-9AC6-789BA927C50B}.Release|x64.Deploy.0 = Release|Any CPU
		{FA768DF7-CBF4-4739-9AC6-789BA927C50B}.Release|x86.ActiveCfg = Release|Any CPU
		{FA768DF7-CBF4-4739-9AC6-789BA927C50B}.Release|x86.Build.0 = Release|Any CPU
		{FA768DF7-CBF4-4739-9AC6-789BA927C50B}.Release|x86.Deploy.0 = Release|Any CPU
		{463F3B48-5A66-4D8B-8240-AEBB78F2A4FC}.Ad-Hoc|Any CPU.ActiveCfg = Ad-Hoc|iPhone
		{463F3B48-5A66-4D8B-8240-AEBB78F2A4FC}.Ad-Hoc|Any CPU.Build.0 = Ad-Hoc|iPhone
		{463F3B48-5A66-4D8B-8240-AEBB78F2A4FC}.Ad-Hoc|Any CPU.Deploy.0 = Ad-Hoc|iPhone
		{463F3B48-5A66-4D8B-8240-AEBB78F2A4FC}.Ad-Hoc|ARM.ActiveCfg = Ad-Hoc|iPhone
		{463F3B48-5A66-4D8B-8240-AEBB78F2A4FC}.Ad-Hoc|ARM.Build.0 = Ad-Hoc|iPhone
		{463F3B48-5A66-4D8B-8240-AEBB78F2A4FC}.Ad-Hoc|ARM.Deploy.0 = Ad-Hoc|iPhone
		{463F3B48-5A66-4D8B-8240-AEBB78F2A4FC}.Ad-Hoc|iPhone.ActiveCfg = Ad-Hoc|iPhone
		{463F3B48-5A66-4D8B-8240-AEBB78F2A4FC}.Ad-Hoc|iPhone.Build.0 = Ad-Hoc|iPhone
		{463F3B48-5A66-4D8B-8240-AEBB78F2A4FC}.Ad-Hoc|iPhone.Deploy.0 = Ad-Hoc|iPhone
		{463F3B48-5A66-4D8B-8240-AEBB78F2A4FC}.Ad-Hoc|iPhoneSimulator.ActiveCfg = Ad-Hoc|iPhoneSimulator
		{463F3B48-5A66-4D8B-8240-AEBB78F2A4FC}.Ad-Hoc|iPhoneSimulator.Build.0 = Ad-Hoc|iPhoneSimulator
		{463F3B48-5A66-4D8B-8240-AEBB78F2A4FC}.Ad-Hoc|iPhoneSimulator.Deploy.0 = Ad-Hoc|iPhoneSimulator
		{463F3B48-5A66-4D8B-8240-AEBB78F2A4FC}.Ad-Hoc|x64.ActiveCfg = Ad-Hoc|iPhone
		{463F3B48-5A66-4D8B-8240-AEBB78F2A4FC}.Ad-Hoc|x64.Build.0 = Ad-Hoc|iPhone
		{463F3B48-5A66-4D8B-8240-AEBB78F2A4FC}.Ad-Hoc|x64.Deploy.0 = Ad-Hoc|iPhone
		{463F3B48-5A66-4D8B-8240-AEBB78F2A4FC}.Ad-Hoc|x86.ActiveCfg = Ad-Hoc|iPhone
		{463F3B48-5A66-4D8B-8240-AEBB78F2A4FC}.Ad-Hoc|x86.Build.0 = Ad-Hoc|iPhone
		{463F3B48-5A66-4D8B-8240-AEBB78F2A4FC}.Ad-Hoc|x86.Deploy.0 = Ad-Hoc|iPhone
		{463F3B48-5A66-4D8B-8240-AEBB78F2A4FC}.AppStore|Any CPU.ActiveCfg = AppStore|iPhone
		{463F3B48-5A66-4D8B-8240-AEBB78F2A4FC}.AppStore|Any CPU.Build.0 = AppStore|iPhone
		{463F3B48-5A66-4D8B-8240-AEBB78F2A4FC}.AppStore|Any CPU.Deploy.0 = AppStore|iPhone
		{463F3B48-5A66-4D8B-8240-AEBB78F2A4FC}.AppStore|ARM.ActiveCfg = AppStore|iPhone
		{463F3B48-5A66-4D8B-8240-AEBB78F2A4FC}.AppStore|ARM.Build.0 = AppStore|iPhone
		{463F3B48-5A66-4D8B-8240-AEBB78F2A4FC}.AppStore|ARM.Deploy.0 = AppStore|iPhone
		{463F3B48-5A66-4D8B-8240-AEBB78F2A4FC}.AppStore|iPhone.ActiveCfg = AppStore|iPhone
		{463F3B48-5A66-4D8B-8240-AEBB78F2A4FC}.AppStore|iPhone.Build.0 = AppStore|iPhone
		{463F3B48-5A66-4D8B-8240-AEBB78F2A4FC}.AppStore|iPhone.Deploy.0 = AppStore|iPhone
		{463F3B48-5A66-4D8B-8240-AEBB78F2A4FC}.AppStore|iPhoneSimulator.ActiveCfg = AppStore|iPhoneSimulator
		{463F3B48-5A66-4D8B-8240-AEBB78F2A4FC}.AppStore|iPhoneSimulator.Build.0 = AppStore|iPhoneSimulator
		{463F3B48-5A66-4D8B-8240-AEBB78F2A4FC}.AppStore|iPhoneSimulator.Deploy.0 = AppStore|iPhoneSimulator
		{463F3B48-5A66-4D8B-8240-AEBB78F2A4FC}.AppStore|x64.ActiveCfg = AppStore|iPhone
		{463F3B48-5A66-4D8B-8240-AEBB78F2A4FC}.AppStore|x64.Build.0 = AppStore|iPhone
		{463F3B48-5A66-4D8B-8240-AEBB78F2A4FC}.AppStore|x64.Deploy.0 = AppStore|iPhone
		{463F3B48-5A66-4D8B-8240-AEBB78F2A4FC}.AppStore|x86.ActiveCfg = AppStore|iPhone
		{463F3B48-5A66-4D8B-8240-AEBB78F2A4FC}.AppStore|x86.Build.0 = AppStore|iPhone
		{463F3B48-5A66-4D8B-8240-AEBB78F2A4FC}.AppStore|x86.Deploy.0 = AppStore|iPhone
		{463F3B48-5A66-4D8B-8240-AEBB78F2A4FC}.Debug|Any CPU.ActiveCfg = Debug|iPhoneSimulator
		{463F3B48-5A66-4D8B-8240-AEBB78F2A4FC}.Debug|Any CPU.Build.0 = Debug|iPhoneSimulator
		{463F3B48-5A66-4D8B-8240-AEBB78F2A4FC}.Debug|Any CPU.Deploy.0 = Debug|iPhoneSimulator
		{463F3B48-5A66-4D8B-8240-AEBB78F2A4FC}.Debug|ARM.ActiveCfg = Debug|iPhone
		{463F3B48-5A66-4D8B-8240-AEBB78F2A4FC}.Debug|ARM.Build.0 = Debug|iPhone
		{463F3B48-5A66-4D8B-8240-AEBB78F2A4FC}.Debug|ARM.Deploy.0 = Debug|iPhone
		{463F3B48-5A66-4D8B-8240-AEBB78F2A4FC}.Debug|iPhone.ActiveCfg = Debug|iPhone
		{463F3B48-5A66-4D8B-8240-AEBB78F2A4FC}.Debug|iPhone.Build.0 = Debug|iPhone
		{463F3B48-5A66-4D8B-8240-AEBB78F2A4FC}.Debug|iPhone.Deploy.0 = Debug|iPhone
		{463F3B48-5A66-4D8B-8240-AEBB78F2A4FC}.Debug|iPhoneSimulator.ActiveCfg = Debug|iPhoneSimulator
		{463F3B48-5A66-4D8B-8240-AEBB78F2A4FC}.Debug|iPhoneSimulator.Build.0 = Debug|iPhoneSimulator
		{463F3B48-5A66-4D8B-8240-AEBB78F2A4FC}.Debug|iPhoneSimulator.Deploy.0 = Debug|iPhoneSimulator
		{463F3B48-5A66-4D8B-8240-AEBB78F2A4FC}.Debug|x64.ActiveCfg = Debug|iPhone
		{463F3B48-5A66-4D8B-8240-AEBB78F2A4FC}.Debug|x64.Build.0 = Debug|iPhone
		{463F3B48-5A66-4D8B-8240-AEBB78F2A4FC}.Debug|x64.Deploy.0 = Debug|iPhone
		{463F3B48-5A66-4D8B-8240-AEBB78F2A4FC}.Debug|x86.ActiveCfg = Debug|iPhone
		{463F3B48-5A66-4D8B-8240-AEBB78F2A4FC}.Debug|x86.Build.0 = Debug|iPhone
		{463F3B48-5A66-4D8B-8240-AEBB78F2A4FC}.Debug|x86.Deploy.0 = Debug|iPhone
		{463F3B48-5A66-4D8B-8240-AEBB78F2A4FC}.Release|Any CPU.ActiveCfg = Release|iPhone
		{463F3B48-5A66-4D8B-8240-AEBB78F2A4FC}.Release|Any CPU.Build.0 = Release|iPhone
		{463F3B48-5A66-4D8B-8240-AEBB78F2A4FC}.Release|Any CPU.Deploy.0 = Release|iPhone
		{463F3B48-5A66-4D8B-8240-AEBB78F2A4FC}.Release|ARM.ActiveCfg = Release|iPhone
		{463F3B48-5A66-4D8B-8240-AEBB78F2A4FC}.Release|ARM.Build.0 = Release|iPhone
		{463F3B48-5A66-4D8B-8240-AEBB78F2A4FC}.Release|ARM.Deploy.0 = Release|iPhone
		{463F3B48-5A66-4D8B-8240-AEBB78F2A4FC}.Release|iPhone.ActiveCfg = Release|iPhone
		{463F3B48-5A66-4D8B-8240-AEBB78F2A4FC}.Release|iPhone.Build.0 = Release|iPhone
		{463F3B48-5A66-4D8B-8240-AEBB78F2A4FC}.Release|iPhone.Deploy.0 = Release|iPhone
		{463F3B48-5A66-4D8B-8240-AEBB78F2A4FC}.Release|iPhoneSimulator.ActiveCfg = Release|iPhoneSimulator
		{463F3B48-5A66-4D8B-8240-AEBB78F2A4FC}.Release|iPhoneSimulator.Build.0 = Release|iPhoneSimulator
		{463F3B48-5A66-4D8B-8240-AEBB78F2A4FC}.Release|iPhoneSimulator.Deploy.0 = Release|iPhoneSimulator
		{463F3B48-5A66-4D8B-8240-AEBB78F2A4FC}.Release|x64.ActiveCfg = Release|iPhone
		{463F3B48-5A66-4D8B-8240-AEBB78F2A4FC}.Release|x64.Build.0 = Release|iPhone
		{463F3B48-5A66-4D8B-8240-AEBB78F2A4FC}.Release|x64.Deploy.0 = Release|iPhone
		{463F3B48-5A66-4D8B-8240-AEBB78F2A4FC}.Release|x86.ActiveCfg = Release|iPhone
		{463F3B48-5A66-4D8B-8240-AEBB78F2A4FC}.Release|x86.Build.0 = Release|iPhone
		{463F3B48-5A66-4D8B-8240-AEBB78F2A4FC}.Release|x86.Deploy.0 = Release|iPhone
		{73ADBDE8-2D73-4B50-AF25-50F20133307E}.Ad-Hoc|Any CPU.ActiveCfg = Release|x86
		{73ADBDE8-2D73-4B50-AF25-50F20133307E}.Ad-Hoc|Any CPU.Build.0 = Release|x86
		{73ADBDE8-2D73-4B50-AF25-50F20133307E}.Ad-Hoc|Any CPU.Deploy.0 = Release|x86
		{73ADBDE8-2D73-4B50-AF25-50F20133307E}.Ad-Hoc|ARM.ActiveCfg = Release|ARM
		{73ADBDE8-2D73-4B50-AF25-50F20133307E}.Ad-Hoc|ARM.Build.0 = Release|ARM
		{73ADBDE8-2D73-4B50-AF25-50F20133307E}.Ad-Hoc|ARM.Deploy.0 = Release|ARM
		{73ADBDE8-2D73-4B50-AF25-50F20133307E}.Ad-Hoc|iPhone.ActiveCfg = Release|x86
		{73ADBDE8-2D73-4B50-AF25-50F20133307E}.Ad-Hoc|iPhone.Build.0 = Release|x86
		{73ADBDE8-2D73-4B50-AF25-50F20133307E}.Ad-Hoc|iPhone.Deploy.0 = Release|x86
		{73ADBDE8-2D73-4B50-AF25-50F20133307E}.Ad-Hoc|iPhoneSimulator.ActiveCfg = Release|x86
		{73ADBDE8-2D73-4B50-AF25-50F20133307E}.Ad-Hoc|iPhoneSimulator.Build.0 = Release|x86
		{73ADBDE8-2D73-4B50-AF25-50F20133307E}.Ad-Hoc|iPhoneSimulator.Deploy.0 = Release|x86
		{73ADBDE8-2D73-4B50-AF25-50F20133307E}.Ad-Hoc|x64.ActiveCfg = Release|x64
		{73ADBDE8-2D73-4B50-AF25-50F20133307E}.Ad-Hoc|x64.Build.0 = Release|x64
		{73ADBDE8-2D73-4B50-AF25-50F20133307E}.Ad-Hoc|x64.Deploy.0 = Release|x64
		{73ADBDE8-2D73-4B50-AF25-50F20133307E}.Ad-Hoc|x86.ActiveCfg = Release|x86
		{73ADBDE8-2D73-4B50-AF25-50F20133307E}.Ad-Hoc|x86.Build.0 = Release|x86
		{73ADBDE8-2D73-4B50-AF25-50F20133307E}.Ad-Hoc|x86.Deploy.0 = Release|x86
		{73ADBDE8-2D73-4B50-AF25-50F20133307E}.AppStore|Any CPU.ActiveCfg = Release|x86
		{73ADBDE8-2D73-4B50-AF25-50F20133307E}.AppStore|Any CPU.Build.0 = Release|x86
		{73ADBDE8-2D73-4B50-AF25-50F20133307E}.AppStore|Any CPU.Deploy.0 = Release|x86
		{73ADBDE8-2D73-4B50-AF25-50F20133307E}.AppStore|ARM.ActiveCfg = Release|ARM
		{73ADBDE8-2D73-4B50-AF25-50F20133307E}.AppStore|ARM.Build.0 = Release|ARM
		{73ADBDE8-2D73-4B50-AF25-50F20133307E}.AppStore|ARM.Deploy.0 = Release|ARM
		{73ADBDE8-2D73-4B50-AF25-50F20133307E}.AppStore|iPhone.ActiveCfg = Release|x86
		{73ADBDE8-2D73-4B50-AF25-50F20133307E}.AppStore|iPhone.Build.0 = Release|x86
		{73ADBDE8-2D73-4B50-AF25-50F20133307E}.AppStore|iPhone.Deploy.0 = Release|x86
		{73ADBDE8-2D73-4B50-AF25-50F20133307E}.AppStore|iPhoneSimulator.ActiveCfg = Release|x86
		{73ADBDE8-2D73-4B50-AF25-50F20133307E}.AppStore|iPhoneSimulator.Build.0 = Release|x86
		{73ADBDE8-2D73-4B50-AF25-50F20133307E}.AppStore|iPhoneSimulator.Deploy.0 = Release|x86
		{73ADBDE8-2D73-4B50-AF25-50F20133307E}.AppStore|x64.ActiveCfg = Release|x64
		{73ADBDE8-2D73-4B50-AF25-50F20133307E}.AppStore|x64.Build.0 = Release|x64
		{73ADBDE8-2D73-4B50-AF25-50F20133307E}.AppStore|x64.Deploy.0 = Release|x64
		{73ADBDE8-2D73-4B50-AF25-50F20133307E}.AppStore|x86.ActiveCfg = Release|x86
		{73ADBDE8-2D73-4B50-AF25-50F20133307E}.AppStore|x86.Build.0 = Release|x86
		{73ADBDE8-2D73-4B50-AF25-50F20133307E}.AppStore|x86.Deploy.0 = Release|x86
		{73ADBDE8-2D73-4B50-AF25-50F20133307E}.Debug|Any CPU.ActiveCfg = Debug|x86
		{73ADBDE8-2D73-4B50-AF25-50F20133307E}.Debug|Any CPU.Build.0 = Debug|x86
		{73ADBDE8-2D73-4B50-AF25-50F20133307E}.Debug|Any CPU.Deploy.0 = Debug|x86
		{73ADBDE8-2D73-4B50-AF25-50F20133307E}.Debug|ARM.ActiveCfg = Debug|ARM
		{73ADBDE8-2D73-4B50-AF25-50F20133307E}.Debug|ARM.Build.0 = Debug|ARM
		{73ADBDE8-2D73-4B50-AF25-50F20133307E}.Debug|ARM.Deploy.0 = Debug|ARM
		{73ADBDE8-2D73-4B50-AF25-50F20133307E}.Debug|iPhone.ActiveCfg = Debug|x86
		{73ADBDE8-2D73-4B50-AF25-50F20133307E}.Debug|iPhone.Build.0 = Debug|x86
		{73ADBDE8-2D73-4B50-AF25-50F20133307E}.Debug|iPhone.Deploy.0 = Debug|x86
		{73ADBDE8-2D73-4B50-AF25-50F20133307E}.Debug|iPhoneSimulator.ActiveCfg = Debug|x86
		{73ADBDE8-2D73-4B50-AF25-50F20133307E}.Debug|iPhoneSimulator.Build.0 = Debug|x86
		{73ADBDE8-2D73-4B50-AF25-50F20133307E}.Debug|iPhoneSimulator.Deploy.0 = Debug|x86
		{73ADBDE8-2D73-4B50-AF25-50F20133307E}.Debug|x64.ActiveCfg = Debug|x64
		{73ADBDE8-2D73-4B50-AF25-50F20133307E}.Debug|x64.Build.0 = Debug|x64
		{73ADBDE8-2D73-4B50-AF25-50F20133307E}.Debug|x64.Deploy.0 = Debug|x64
		{73ADBDE8-2D73-4B50-AF25-50F20133307E}.Debug|x86.ActiveCfg = Debug|x86
		{73ADBDE8-2D73-4B50-AF25-50F20133307E}.Debug|x86.Build.0 = Debug|x86
		{73ADBDE8-2D73-4B50-AF25-50F20133307E}.Debug|x86.Deploy.0 = Debug|x86
		{73ADBDE8-2D73-4B50-AF25-50F20133307E}.Release|Any CPU.ActiveCfg = Release|x86
		{73ADBDE8-2D73-4B50-AF25-50F20133307E}.Release|Any CPU.Build.0 = Release|x86
		{73ADBDE8-2D73-4B50-AF25-50F20133307E}.Release|Any CPU.Deploy.0 = Release|x86
		{73ADBDE8-2D73-4B50-AF25-50F20133307E}.Release|ARM.ActiveCfg = Release|ARM
		{73ADBDE8-2D73-4B50-AF25-50F20133307E}.Release|ARM.Build.0 = Release|ARM
		{73ADBDE8-2D73-4B50-AF25-50F20133307E}.Release|ARM.Deploy.0 = Release|ARM
		{73ADBDE8-2D73-4B50-AF25-50F20133307E}.Release|iPhone.ActiveCfg = Release|x86
		{73ADBDE8-2D73-4B50-AF25-50F20133307E}.Release|iPhone.Build.0 = Release|x86
		{73ADBDE8-2D73-4B50-AF25-50F20133307E}.Release|iPhone.Deploy.0 = Release|x86
		{73ADBDE8-2D73-4B50-AF25-50F20133307E}.Release|iPhoneSimulator.ActiveCfg = Release|x86
		{73ADBDE8-2D73-4B50-AF25-50F20133307E}.Release|iPhoneSimulator.Build.0 = Release|x86
		{73ADBDE8-2D73-4B50-AF25-50F20133307E}.Release|iPhoneSimulator.Deploy.0 = Release|x86
		{73ADBDE8-2D73-4B50-AF25-50F20133307E}.Release|x64.ActiveCfg = Release|x64
		{73ADBDE8-2D73-4B50-AF25-50F20133307E}.Release|x64.Build.0 = Release|x64
		{73ADBDE8-2D73-4B50-AF25-50F20133307E}.Release|x64.Deploy.0 = Release|x64
		{73ADBDE8-2D73-4B50-AF25-50F20133307E}.Release|x86.ActiveCfg = Release|x86
		{73ADBDE8-2D73-4B50-AF25-50F20133307E}.Release|x86.Build.0 = Release|x86
		{73ADBDE8-2D73-4B50-AF25-50F20133307E}.Release|x86.Deploy.0 = Release|x86
	EndGlobalSection
	GlobalSection(SolutionProperties) = preSolution
		HideSolutionNode = FALSE
	EndGlobalSection
	GlobalSection(ExtensibilityGlobals) = postSolution
		SolutionGuid = {96284145-CEF2-4BCF-B292-636A69EE603A}
	EndGlobalSection
EndGlobal
